
Microsoft Visual Studio Solution File, Format Version 12.00
# Visual Studio Version 17
VisualStudioVersion = 17.8.34330.188
MinimumVisualStudioVersion = 10.0.40219.1
Project("{FAE04EC0-301F-11D3-BF4B-00C04F79EFBC}") = "Sudoku", "Sudoku.csproj", "{DC25DBDF-2FB8-4F84-8587-BF039DD31CBF}"
EndProject
Global
	GlobalSection(SolutionConfigurationPlatforms) = preSolution
		Debug|Any CPU = Debug|Any CPU
		Release|Any CPU = Release|Any CPU
	EndGlobalSection
	GlobalSection(ProjectConfigurationPlatforms) = postSolution
		{DC25DBDF-2FB8-4F84-8587-BF039DD31CBF}.Debug|Any CPU.ActiveCfg = Debug|Any CPU
		{DC25DBDF-2FB8-4F84-8587-BF039DD31CBF}.Debug|Any CPU.Build.0 = Debug|Any CPU
		{DC25DBDF-2FB8-4F84-8587-BF039DD31CBF}.Release|Any CPU.ActiveCfg = Release|Any CPU
		{DC25DBDF-2FB8-4F84-8587-BF039DD31CBF}.Release|Any CPU.Build.0 = Release|Any CPU
	EndGlobalSection
	GlobalSection(SolutionProperties) = preSolution
		HideSolutionNode = FALSE
	EndGlobalSection
	GlobalSection(ExtensibilityGlobals) = postSolution
		SolutionGuid = {971FF980-EF0F-415B-9137-B06D05546F17}
	EndGlobalSection
EndGlobal
